Microsoft Visual Studio Solution File, Format Version 11.00
# Visual Studio 2008

Project("{6323182C-E432-FDC0-F97C-B2D50F557D11}") = "FurnitureGame", "Assembly-CSharp.csproj", "{06A1DE92-E233-0AC2-49B6-7F19B54907E1}"
EndProject
Project("{6323182C-E432-FDC0-F97C-B2D50F557D11}") = "FurnitureGame", "Assembly-CSharp-Editor.csproj", "{EDA4B186-812C-BBC4-E0D0-B755CDC1FF92}"
EndProject
Global
	GlobalSection(SolutionConfigurationPlatforms) = preSolution
		Debug|Any CPU = Debug|Any CPU
		Release|Any CPU = Release|Any CPU
	EndGlobalSection
	GlobalSection(ProjectConfigurationPlatforms) = postSolution
		{06A1DE92-E233-0AC2-49B6-7F19B54907E1}.Debug|Any CPU.ActiveCfg = Debug|Any CPU
		{06A1DE92-E233-0AC2-49B6-7F19B54907E1}.Debug|Any CPU.Build.0 = Debug|Any CPU
		{06A1DE92-E233-0AC2-49B6-7F19B54907E1}.Release|Any CPU.ActiveCfg = Release|Any CPU
		{06A1DE92-E233-0AC2-49B6-7F19B54907E1}.Release|Any CPU.Build.0 = Release|Any CPU
		{EDA4B186-812C-BBC4-E0D0-B755CDC1FF92}.Debug|Any CPU.ActiveCfg = Debug|Any CPU
		{EDA4B186-812C-BBC4-E0D0-B755CDC1FF92}.Debug|Any CPU.Build.0 = Debug|Any CPU
		{EDA4B186-812C-BBC4-E0D0-B755CDC1FF92}.Release|Any CPU.ActiveCfg = Release|Any CPU
		{EDA4B186-812C-BBC4-E0D0-B755CDC1FF92}.Release|Any CPU.Build.0 = Release|Any CPU
	EndGlobalSection
	GlobalSection(SolutionProperties) = preSolution
		HideSolutionNode = FALSE
	EndGlobalSection
																																																																											GlobalSection(MonoDevelopProperties) = preSolution
		StartupItem = Assembly-CSharp.csproj
		Policies = $0
		$0.TextStylePolicy = $1
		$1.FileWidth = 120
		$1.TabsToSpaces = False
		$1.EolMarker = Unix
		$1.inheritsSet = VisualStudio
		$1.inheritsScope = text/plain
		$1.scope = text/x-csharp
		$0.CSharpFormattingPolicy = $2
		$2.inheritsSet = Mono
		$2.inheritsScope = text/x-csharp
		$2.scope = text/x-csharp
		$0.TextStylePolicy = $3
		$3.FileWidth = 120
		$3.TabsToSpaces = False
		$3.EolMarker = Unix
		$3.inheritsSet = VisualStudio
		$3.inheritsScope = text/plain
		$3.scope = text/plain
	EndGlobalSection

EndGlobal
